
Microsoft Visual Studio Solution File, Format Version 10.00
# Visual Studio 2008
Project("{FAE04EC0-301F-11D3-BF4B-00C04F79EFBC}") = "Wpf", "Wpf\Wpf.csproj", "{3CD49D25-5173-4A0A-BF3E-D3DE753A929A}"
EndProject
Project("{FAE04EC0-301F-11D3-BF4B-00C04F79EFBC}") = "zerolib", "zerolib.csproj", "{1BDE93A3-B95E-4BFE-8EBB-4A6FF73385FB}"
EndProject
Project("{FAE04EC0-301F-11D3-BF4B-00C04F79EFBC}") = "WpfTest", "Wpf\WpfTest\WpfTest.csproj", "{13DBE68B-E277-4A13-98B4-CD4A4E14D0A5}"
EndProject
Global
	GlobalSection(SolutionConfigurationPlatforms) = preSolution
		Debug|Any CPU = Debug|Any CPU
		Debug|x86 = Debug|x86
		Release SingleThread|Any CPU = Release SingleThread|Any CPU
		Release SingleThread|x86 = Release SingleThread|x86
		Release|Any CPU = Release|Any CPU
		Release|x86 = Release|x86
	EndGlobalSection
	GlobalSection(ProjectConfigurationPlatforms) = postSolution
		{3CD49D25-5173-4A0A-BF3E-D3DE753A929A}.Debug|Any CPU.ActiveCfg = Debug|Any CPU
		{3CD49D25-5173-4A0A-BF3E-D3DE753A929A}.Debug|Any CPU.Build.0 = Debug|Any CPU
		{3CD49D25-5173-4A0A-BF3E-D3DE753A929A}.Debug|x86.ActiveCfg = Debug|Any CPU
		{3CD49D25-5173-4A0A-BF3E-D3DE753A929A}.Release SingleThread|Any CPU.ActiveCfg = Release|Any CPU
		{3CD49D25-5173-4A0A-BF3E-D3DE753A929A}.Release SingleThread|Any CPU.Build.0 = Release|Any CPU
		{3CD49D25-5173-4A0A-BF3E-D3DE753A929A}.Release SingleThread|x86.ActiveCfg = Release|Any CPU
		{3CD49D25-5173-4A0A-BF3E-D3DE753A929A}.Release|Any CPU.ActiveCfg = Release|Any CPU
		{3CD49D25-5173-4A0A-BF3E-D3DE753A929A}.Release|Any CPU.Build.0 = Release|Any CPU
		{3CD49D25-5173-4A0A-BF3E-D3DE753A929A}.Release|x86.ActiveCfg = Release|Any CPU
		{1BDE93A3-B95E-4BFE-8EBB-4A6FF73385FB}.Debug|Any CPU.ActiveCfg = Debug|Any CPU
		{1BDE93A3-B95E-4BFE-8EBB-4A6FF73385FB}.Debug|Any CPU.Build.0 = Debug|Any CPU
		{1BDE93A3-B95E-4BFE-8EBB-4A6FF73385FB}.Debug|x86.ActiveCfg = Debug|x86
		{1BDE93A3-B95E-4BFE-8EBB-4A6FF73385FB}.Debug|x86.Build.0 = Debug|x86
		{1BDE93A3-B95E-4BFE-8EBB-4A6FF73385FB}.Release SingleThread|Any CPU.ActiveCfg = Release SingleThread|Any CPU
		{1BDE93A3-B95E-4BFE-8EBB-4A6FF73385FB}.Release SingleThread|Any CPU.Build.0 = Release SingleThread|Any CPU
		{1BDE93A3-B95E-4BFE-8EBB-4A6FF73385FB}.Release SingleThread|x86.ActiveCfg = Release SingleThread|x86
		{1BDE93A3-B95E-4BFE-8EBB-4A6FF73385FB}.Release SingleThread|x86.Build.0 = Release SingleThread|x86
		{1BDE93A3-B95E-4BFE-8EBB-4A6FF73385FB}.Release|Any CPU.ActiveCfg = Release|Any CPU
		{1BDE93A3-B95E-4BFE-8EBB-4A6FF73385FB}.Release|Any CPU.Build.0 = Release|Any CPU
		{1BDE93A3-B95E-4BFE-8EBB-4A6FF73385FB}.Release|x86.ActiveCfg = Release|x86
		{1BDE93A3-B95E-4BFE-8EBB-4A6FF73385FB}.Release|x86.Build.0 = Release|x86
		{13DBE68B-E277-4A13-98B4-CD4A4E14D0A5}.Debug|Any CPU.ActiveCfg = Debug|Any CPU
		{13DBE68B-E277-4A13-98B4-CD4A4E14D0A5}.Debug|Any CPU.Build.0 = Debug|Any CPU
		{13DBE68B-E277-4A13-98B4-CD4A4E14D0A5}.Debug|x86.ActiveCfg = Debug|Any CPU
		{13DBE68B-E277-4A13-98B4-CD4A4E14D0A5}.Release SingleThread|Any CPU.ActiveCfg = Release|Any CPU
		{13DBE68B-E277-4A13-98B4-CD4A4E14D0A5}.Release SingleThread|Any CPU.Build.0 = Release|Any CPU
		{13DBE68B-E277-4A13-98B4-CD4A4E14D0A5}.Release SingleThread|x86.ActiveCfg = Release|Any CPU
		{13DBE68B-E277-4A13-98B4-CD4A4E14D0A5}.Release|Any CPU.ActiveCfg = Release|Any CPU
		{13DBE68B-E277-4A13-98B4-CD4A4E14D0A5}.Release|Any CPU.Build.0 = Release|Any CPU
		{13DBE68B-E277-4A13-98B4-CD4A4E14D0A5}.Release|x86.ActiveCfg = Release|Any CPU
	EndGlobalSection
	GlobalSection(SolutionProperties) = preSolution
		HideSolutionNode = FALSE
	EndGlobalSection
EndGlobal
