
Microsoft Visual Studio Solution File, Format Version 9.00
# Visual Studio 2005
Project("{FAE04EC0-301F-11D3-BF4B-00C04F79EFBC}") = "zeroflag.Serialization", "zeroflag.Serialization.csproj", "{48823787-7042-494D-B250-A3E60085BB2B}"
	ProjectSection(WebsiteProperties) = preProject
		Debug.AspNetCompiler.Debug = "True"
		Release.AspNetCompiler.Debug = "False"
	EndProjectSection
EndProject
Project("{FAE04EC0-301F-11D3-BF4B-00C04F79EFBC}") = "Test", "Test\Test.csproj", "{EF0349C3-2149-462A-AF1A-255D7635CF07}"
	ProjectSection(WebsiteProperties) = preProject
		Debug.AspNetCompiler.Debug = "True"
		Release.AspNetCompiler.Debug = "False"
	EndProjectSection
EndProject
Global
	GlobalSection(SolutionConfigurationPlatforms) = preSolution
		Debug|Any CPU = Debug|Any CPU
		Release|Any CPU = Release|Any CPU
	EndGlobalSection
	GlobalSection(ProjectConfigurationPlatforms) = postSolution
		{48823787-7042-494D-B250-A3E60085BB2B}.Debug|Any CPU.ActiveCfg = Debug|Any CPU
		{48823787-7042-494D-B250-A3E60085BB2B}.Debug|Any CPU.Build.0 = Debug|Any CPU
		{48823787-7042-494D-B250-A3E60085BB2B}.Release|Any CPU.ActiveCfg = Release|Any CPU
		{48823787-7042-494D-B250-A3E60085BB2B}.Release|Any CPU.Build.0 = Release|Any CPU
		{EF0349C3-2149-462A-AF1A-255D7635CF07}.Debug|Any CPU.ActiveCfg = Debug|Any CPU
		{EF0349C3-2149-462A-AF1A-255D7635CF07}.Debug|Any CPU.Build.0 = Debug|Any CPU
		{EF0349C3-2149-462A-AF1A-255D7635CF07}.Release|Any CPU.ActiveCfg = Release|Any CPU
		{EF0349C3-2149-462A-AF1A-255D7635CF07}.Release|Any CPU.Build.0 = Release|Any CPU
	EndGlobalSection
	GlobalSection(SolutionProperties) = preSolution
		HideSolutionNode = FALSE
	EndGlobalSection
EndGlobal
