
Microsoft Visual Studio Solution File, Format Version 10.00
# Visual Studio 2008
Project("{FAE04EC0-301F-11D3-BF4B-00C04F79EFBC}") = "zeroflag.Threading", "zeroflag.Threading.csproj", "{EAE7AA1B-39FE-40A3-88F6-BE923D1D0809}"
EndProject
Project("{FAE04EC0-301F-11D3-BF4B-00C04F79EFBC}") = "Test", "Test\Test.csproj", "{0AC268E6-29D8-4C51-9A62-68FD08B44263}"
EndProject
Global
	GlobalSection(SolutionConfigurationPlatforms) = preSolution
		Debug|Any CPU = Debug|Any CPU
		Debug|x86 = Debug|x86
		Large16|Any CPU = Large16|Any CPU
		Large16|x86 = Large16|x86
		Large24|Any CPU = Large24|Any CPU
		Large24|x86 = Large24|x86
		Large32|Any CPU = Large32|Any CPU
		Large32|x86 = Large32|x86
		Large8|Any CPU = Large8|Any CPU
		Large8|x86 = Large8|x86
		Release|Any CPU = Release|Any CPU
		Release|x86 = Release|x86
		Small|Any CPU = Small|Any CPU
		Small|x86 = Small|x86
	EndGlobalSection
	GlobalSection(ProjectConfigurationPlatforms) = postSolution
		{EAE7AA1B-39FE-40A3-88F6-BE923D1D0809}.Debug|Any CPU.ActiveCfg = Debug|Any CPU
		{EAE7AA1B-39FE-40A3-88F6-BE923D1D0809}.Debug|Any CPU.Build.0 = Debug|Any CPU
		{EAE7AA1B-39FE-40A3-88F6-BE923D1D0809}.Debug|x86.ActiveCfg = Debug|x86
		{EAE7AA1B-39FE-40A3-88F6-BE923D1D0809}.Debug|x86.Build.0 = Debug|x86
		{EAE7AA1B-39FE-40A3-88F6-BE923D1D0809}.Large16|Any CPU.ActiveCfg = Release|Any CPU
		{EAE7AA1B-39FE-40A3-88F6-BE923D1D0809}.Large16|Any CPU.Build.0 = Release|Any CPU
		{EAE7AA1B-39FE-40A3-88F6-BE923D1D0809}.Large16|x86.ActiveCfg = Large16|x86
		{EAE7AA1B-39FE-40A3-88F6-BE923D1D0809}.Large16|x86.Build.0 = Large16|x86
		{EAE7AA1B-39FE-40A3-88F6-BE923D1D0809}.Large24|Any CPU.ActiveCfg = Release|Any CPU
		{EAE7AA1B-39FE-40A3-88F6-BE923D1D0809}.Large24|Any CPU.Build.0 = Release|Any CPU
		{EAE7AA1B-39FE-40A3-88F6-BE923D1D0809}.Large24|x86.ActiveCfg = Large24|x86
		{EAE7AA1B-39FE-40A3-88F6-BE923D1D0809}.Large24|x86.Build.0 = Large24|x86
		{EAE7AA1B-39FE-40A3-88F6-BE923D1D0809}.Large32|Any CPU.ActiveCfg = Release|Any CPU
		{EAE7AA1B-39FE-40A3-88F6-BE923D1D0809}.Large32|Any CPU.Build.0 = Release|Any CPU
		{EAE7AA1B-39FE-40A3-88F6-BE923D1D0809}.Large32|x86.ActiveCfg = Large32|x86
		{EAE7AA1B-39FE-40A3-88F6-BE923D1D0809}.Large32|x86.Build.0 = Large32|x86
		{EAE7AA1B-39FE-40A3-88F6-BE923D1D0809}.Large8|Any CPU.ActiveCfg = Release|Any CPU
		{EAE7AA1B-39FE-40A3-88F6-BE923D1D0809}.Large8|Any CPU.Build.0 = Release|Any CPU
		{EAE7AA1B-39FE-40A3-88F6-BE923D1D0809}.Large8|x86.ActiveCfg = Large8|x86
		{EAE7AA1B-39FE-40A3-88F6-BE923D1D0809}.Large8|x86.Build.0 = Large8|x86
		{EAE7AA1B-39FE-40A3-88F6-BE923D1D0809}.Release|Any CPU.ActiveCfg = Release|Any CPU
		{EAE7AA1B-39FE-40A3-88F6-BE923D1D0809}.Release|Any CPU.Build.0 = Release|Any CPU
		{EAE7AA1B-39FE-40A3-88F6-BE923D1D0809}.Release|x86.ActiveCfg = Release|x86
		{EAE7AA1B-39FE-40A3-88F6-BE923D1D0809}.Release|x86.Build.0 = Release|x86
		{EAE7AA1B-39FE-40A3-88F6-BE923D1D0809}.Small|Any CPU.ActiveCfg = Small|Any CPU
		{EAE7AA1B-39FE-40A3-88F6-BE923D1D0809}.Small|Any CPU.Build.0 = Small|Any CPU
		{EAE7AA1B-39FE-40A3-88F6-BE923D1D0809}.Small|x86.ActiveCfg = Small|x86
		{EAE7AA1B-39FE-40A3-88F6-BE923D1D0809}.Small|x86.Build.0 = Small|x86
		{0AC268E6-29D8-4C51-9A62-68FD08B44263}.Debug|Any CPU.ActiveCfg = Debug|Any CPU
		{0AC268E6-29D8-4C51-9A62-68FD08B44263}.Debug|Any CPU.Build.0 = Debug|Any CPU
		{0AC268E6-29D8-4C51-9A62-68FD08B44263}.Debug|x86.ActiveCfg = Debug|x86
		{0AC268E6-29D8-4C51-9A62-68FD08B44263}.Debug|x86.Build.0 = Debug|x86
		{0AC268E6-29D8-4C51-9A62-68FD08B44263}.Large16|Any CPU.ActiveCfg = Large16|Any CPU
		{0AC268E6-29D8-4C51-9A62-68FD08B44263}.Large16|Any CPU.Build.0 = Large16|Any CPU
		{0AC268E6-29D8-4C51-9A62-68FD08B44263}.Large16|x86.ActiveCfg = Large16|x86
		{0AC268E6-29D8-4C51-9A62-68FD08B44263}.Large16|x86.Build.0 = Large16|x86
		{0AC268E6-29D8-4C51-9A62-68FD08B44263}.Large24|Any CPU.ActiveCfg = Large24|Any CPU
		{0AC268E6-29D8-4C51-9A62-68FD08B44263}.Large24|Any CPU.Build.0 = Large24|Any CPU
		{0AC268E6-29D8-4C51-9A62-68FD08B44263}.Large24|x86.ActiveCfg = Large24|x86
		{0AC268E6-29D8-4C51-9A62-68FD08B44263}.Large24|x86.Build.0 = Large24|x86
		{0AC268E6-29D8-4C51-9A62-68FD08B44263}.Large32|Any CPU.ActiveCfg = Large32|Any CPU
		{0AC268E6-29D8-4C51-9A62-68FD08B44263}.Large32|Any CPU.Build.0 = Large32|Any CPU
		{0AC268E6-29D8-4C51-9A62-68FD08B44263}.Large32|x86.ActiveCfg = Large32|x86
		{0AC268E6-29D8-4C51-9A62-68FD08B44263}.Large32|x86.Build.0 = Large32|x86
		{0AC268E6-29D8-4C51-9A62-68FD08B44263}.Large8|Any CPU.ActiveCfg = Large8|Any CPU
		{0AC268E6-29D8-4C51-9A62-68FD08B44263}.Large8|Any CPU.Build.0 = Large8|Any CPU
		{0AC268E6-29D8-4C51-9A62-68FD08B44263}.Large8|x86.ActiveCfg = Large8|x86
		{0AC268E6-29D8-4C51-9A62-68FD08B44263}.Large8|x86.Build.0 = Large8|x86
		{0AC268E6-29D8-4C51-9A62-68FD08B44263}.Release|Any CPU.ActiveCfg = Release|Any CPU
		{0AC268E6-29D8-4C51-9A62-68FD08B44263}.Release|Any CPU.Build.0 = Release|Any CPU
		{0AC268E6-29D8-4C51-9A62-68FD08B44263}.Release|x86.ActiveCfg = Release|x86
		{0AC268E6-29D8-4C51-9A62-68FD08B44263}.Release|x86.Build.0 = Release|x86
		{0AC268E6-29D8-4C51-9A62-68FD08B44263}.Small|Any CPU.ActiveCfg = Small|Any CPU
		{0AC268E6-29D8-4C51-9A62-68FD08B44263}.Small|Any CPU.Build.0 = Small|Any CPU
		{0AC268E6-29D8-4C51-9A62-68FD08B44263}.Small|x86.ActiveCfg = Small|x86
		{0AC268E6-29D8-4C51-9A62-68FD08B44263}.Small|x86.Build.0 = Small|x86
	EndGlobalSection
	GlobalSection(SolutionProperties) = preSolution
		HideSolutionNode = FALSE
	EndGlobalSection
	GlobalSection(ExtensibilityGlobals) = postSolution
		VisualSVNWorkingCopyRoot = 
	EndGlobalSection
EndGlobal
