
Microsoft Visual Studio Solution File, Format Version 10.00
# Visual Studio 2008
Project("{FAE04EC0-301F-11D3-BF4B-00C04F79EFBC}") = "zeroflag.Parsing", "zeroParse\zeroflag.Parsing.csproj", "{10869FD3-6DC4-4E72-83B1-C53F3A9E71F0}"
EndProject
Project("{FAE04EC0-301F-11D3-BF4B-00C04F79EFBC}") = "Test", "Test\Test.csproj", "{A0BA7368-FC33-4D4A-8636-4A4F5C033051}"
EndProject
Project("{FAE04EC0-301F-11D3-BF4B-00C04F79EFBC}") = "zerolib", "..\zerolib.csproj", "{1BDE93A3-B95E-4BFE-8EBB-4A6FF73385FB}"
EndProject
Project("{FAE04EC0-301F-11D3-BF4B-00C04F79EFBC}") = "zeroflag.Parsing.ObjectOriented", "ObjectOrientedStructures\zeroflag.Parsing.ObjectOriented.csproj", "{E7805E05-D33D-4C4A-B685-196B7AE5709F}"
EndProject
Global
	GlobalSection(SolutionConfigurationPlatforms) = preSolution
		Debug|Any CPU = Debug|Any CPU
		Release|Any CPU = Release|Any CPU
	EndGlobalSection
	GlobalSection(ProjectConfigurationPlatforms) = postSolution
		{10869FD3-6DC4-4E72-83B1-C53F3A9E71F0}.Debug|Any CPU.ActiveCfg = Debug|Any CPU
		{10869FD3-6DC4-4E72-83B1-C53F3A9E71F0}.Debug|Any CPU.Build.0 = Debug|Any CPU
		{10869FD3-6DC4-4E72-83B1-C53F3A9E71F0}.Release|Any CPU.ActiveCfg = Release|Any CPU
		{10869FD3-6DC4-4E72-83B1-C53F3A9E71F0}.Release|Any CPU.Build.0 = Release|Any CPU
		{A0BA7368-FC33-4D4A-8636-4A4F5C033051}.Debug|Any CPU.ActiveCfg = Debug|Any CPU
		{A0BA7368-FC33-4D4A-8636-4A4F5C033051}.Debug|Any CPU.Build.0 = Debug|Any CPU
		{A0BA7368-FC33-4D4A-8636-4A4F5C033051}.Release|Any CPU.ActiveCfg = Release|Any CPU
		{A0BA7368-FC33-4D4A-8636-4A4F5C033051}.Release|Any CPU.Build.0 = Release|Any CPU
		{1BDE93A3-B95E-4BFE-8EBB-4A6FF73385FB}.Debug|Any CPU.ActiveCfg = Debug|Any CPU
		{1BDE93A3-B95E-4BFE-8EBB-4A6FF73385FB}.Debug|Any CPU.Build.0 = Debug|Any CPU
		{1BDE93A3-B95E-4BFE-8EBB-4A6FF73385FB}.Release|Any CPU.ActiveCfg = Release|Any CPU
		{1BDE93A3-B95E-4BFE-8EBB-4A6FF73385FB}.Release|Any CPU.Build.0 = Release|Any CPU
		{E7805E05-D33D-4C4A-B685-196B7AE5709F}.Debug|Any CPU.ActiveCfg = Debug|Any CPU
		{E7805E05-D33D-4C4A-B685-196B7AE5709F}.Debug|Any CPU.Build.0 = Debug|Any CPU
		{E7805E05-D33D-4C4A-B685-196B7AE5709F}.Release|Any CPU.ActiveCfg = Release|Any CPU
		{E7805E05-D33D-4C4A-B685-196B7AE5709F}.Release|Any CPU.Build.0 = Release|Any CPU
	EndGlobalSection
	GlobalSection(SolutionProperties) = preSolution
		HideSolutionNode = FALSE
	EndGlobalSection
EndGlobal
